{
  "name": "antdv-next-example",
  "lockfileVersion": 3,
  "requires": true,
  "packages": {
    "": {
      "name": "antdv-next-example",
      "dependencies": {
        "antdv-next": "^1.0.0-beta.1",
        "vue": "^3.5.0"
      }
    },
    "node_modules/@ant-design/fast-color": {
      "version": "3.0.1",
      "resolved": "https://registry.npmjs.org/@ant-design/fast-color/-/fast-color-3.0.1.tgz",
      "integrity": "sha512-esKJegpW4nckh0o6kV3Tkb7NPIZYbPnnFxmQDUmL08ukXZAvV85TZBr70eGuke/CIArLaP6aw8lt9KILjnWuOw==",
      "license": "MIT",
      "engines": {
        "node": ">=8.x"
      }
    },
    "node_modules/@ant-design/icons-svg": {
      "version": "4.4.2",
      "resolved": "https://registry.npmjs.org/@ant-design/icons-svg/-/icons-svg-4.4.2.tgz",
      "integrity": "sha512-vHbT+zJEVzllwP+CM+ul7reTEfBR0vgxFe7+lREAsAA7YGsYpboiq2sQNeQeRvh09GfQgs/GyFEvZpJ9cLXpXA==",
      "license": "MIT"
    },
    "node_modules/@antdv-next/cssinjs": {
      "version": "1.0.1",
      "resolved": "https://registry.npmjs.org/@antdv-next/cssinjs/-/cssinjs-1.0.1.tgz",
      "integrity": "sha512-9C7f2dZ7seDLuRU7dy23dmyxsWGZyHl9OriDQvamYHjqpKf6WdJhdUkQpTZ7q63t6h5JXrDgX4VYZH3JD6hX3g==",
      "dependencies": {
        "@emotion/hash": "^0.8.0",
        "@emotion/unitless": "^0.7.5",
        "@v-c/util": "^1.0.13",
        "csstype": "^3.2.3",
        "defu": "^6.1.4",
        "stylis": "^4.3.6"
      },
      "peerDependencies": {
        "vue": ">=3.2.0"
      }
    },
    "node_modules/@antdv-next/cssinjs/node_modules/@emotion/hash": {
      "version": "0.8.0",
      "resolved": "https://registry.npmjs.org/@emotion/hash/-/hash-0.8.0.tgz",
      "integrity": "sha512-kBJtf7PH6aWwZ6fka3zQ0p6SBYzx4fl1LoZXE2RrnYST9Xljm7WfKJrU4g/Xr3Beg72MLrp1AWNUmuYJTL7Cow==",
      "license": "MIT"
    },
    "node_modules/@antdv-next/cssinjs/node_modules/@emotion/unitless": {
      "version": "0.7.5",
      "resolved": "https://registry.npmjs.org/@emotion/unitless/-/unitless-0.7.5.tgz",
      "integrity": "sha512-OWORNpfjMsSSUBVrRBVGECkhWcULOAJz9ZW8uK9qgxD+87M7jHRcvh/A96XXNhXTLmKcoYSQtBEX7lHMO7YRwg==",
      "license": "MIT"
    },
    "node_modules/@antdv-next/icons": {
      "version": "1.0.0",
      "resolved": "https://registry.npmjs.org/@antdv-next/icons/-/icons-1.0.0.tgz",
      "integrity": "sha512-O3gxRGEYOYsNbyPuhEqZ+HIDTakl6v3ukBDQwZ3ZvbzOPBorgdhMhHQ1WFjlLBCo72bdx5/wKyjz6oFRhk0G+g==",
      "dependencies": {
        "@ant-design/colors": "7.2.1",
        "@ant-design/icons-svg": "^4.4.2",
        "@v-c/util": "^1.0.9",
        "es-toolkit": "1.43.0"
      },
      "peerDependencies": {
        "vue": ">=3.2.0"
      }
    },
    "node_modules/@antdv-next/icons/node_modules/@ant-design/colors": {
      "version": "7.2.1",
      "resolved": "https://registry.npmjs.org/@ant-design/colors/-/colors-7.2.1.tgz",
      "integrity": "sha512-lCHDcEzieu4GA3n8ELeZ5VQ8pKQAWcGGLRTQ50aQM2iqPpq2evTxER84jfdPvsPAtEcZ7m44NI45edFMo8oOYQ==",
      "license": "MIT",
      "dependencies": {
        "@ant-design/fast-color": "^2.0.6"
      }
    },
    "node_modules/@antdv-next/icons/node_modules/@ant-design/fast-color": {
      "version": "2.0.6",
      "resolved": "https://registry.npmjs.org/@ant-design/fast-color/-/fast-color-2.0.6.tgz",
      "integrity": "sha512-y2217gk4NqL35giHl72o6Zzqji9O7vHh9YmhUVkPtAOpoTCH4uWxo/pr4VE8t0+ChEPs0qo4eJRC5Q1eXWo3vA==",
      "license": "MIT",
      "dependencies": {
        "@babel/runtime": "^7.24.7"
      },
      "engines": {
        "node": ">=8.x"
      }
    },
    "node_modules/@babel/helper-string-parser": {
      "version": "7.27.1",
      "resolved": "https://registry.npmjs.org/@babel/helper-string-parser/-/helper-string-parser-7.27.1.tgz",
      "integrity": "sha512-qMlSxKbpRlAridDExk92nSobyDdpPijUq2DW6oDnUqd0iOGxmQjyqhMIihI9+zv4LPyZdRje2cavWPbCbWm3eA==",
      "license": "MIT",
      "engines": {
        "node": ">=6.9.0"
      }
    },
    "node_modules/@babel/helper-validator-identifier": {
      "version": "7.28.5",
      "resolved": "https://registry.npmjs.org/@babel/helper-validator-identifier/-/helper-validator-identifier-7.28.5.tgz",
      "integrity": "sha512-qSs4ifwzKJSV39ucNjsvc6WVHs6b7S03sOh2OcHF9UHfVPqWWALUsNUVzhSBiItjRZoLHx7nIarVjqKVusUZ1Q==",
      "license": "MIT",
      "engines": {
        "node": ">=6.9.0"
      }
    },
    "node_modules/@babel/parser": {
      "version": "7.29.0",
      "resolved": "https://registry.npmjs.org/@babel/parser/-/parser-7.29.0.tgz",
      "integrity": "sha512-IyDgFV5GeDUVX4YdF/3CPULtVGSXXMLh1xVIgdCgxApktqnQV0r7/8Nqthg+8YLGaAtdyIlo2qIdZrbCv4+7ww==",
      "license": "MIT",
      "dependencies": {
        "@babel/types": "^7.29.0"
      },
      "bin": {
        "parser": "bin/babel-parser.js"
      },
      "engines": {
        "node": ">=6.0.0"
      }
    },
    "node_modules/@babel/runtime": {
      "version": "7.28.6",
      "resolved": "https://registry.npmjs.org/@babel/runtime/-/runtime-7.28.6.tgz",
      "integrity": "sha512-05WQkdpL9COIMz4LjTxGpPNCdlpyimKppYNoJ5Di5EUObifl8t4tuLuUBBZEpoLYOmfvIWrsp9fCl0HoPRVTdA==",
      "license": "MIT",
      "engines": {
        "node": ">=6.9.0"
      }
    },
    "node_modules/@babel/types": {
      "version": "7.29.0",
      "resolved": "https://registry.npmjs.org/@babel/types/-/types-7.29.0.tgz",
      "integrity": "sha512-LwdZHpScM4Qz8Xw2iKSzS+cfglZzJGvofQICy7W7v4caru4EaAmyUuO6BGrbyQ2mYV11W0U8j5mBhd14dd3B0A==",
      "license": "MIT",
      "dependencies": {
        "@babel/helper-string-parser": "^7.27.1",
        "@babel/helper-validator-identifier": "^7.28.5"
      },
      "engines": {
        "node": ">=6.9.0"
      }
    },
    "node_modules/@jridgewell/sourcemap-codec": {
      "version": "1.5.5",
      "resolved": "https://registry.npmjs.org/@jridgewell/sourcemap-codec/-/sourcemap-codec-1.5.5.tgz",
      "integrity": "sha512-cYQ9310grqxueWbl+WuIUIaiUaDcj7WOq5fVhEljNVgRfOUhY9fy2zTvfoqWsnebh8Sl70VScFbICvJnLKB0Og==",
      "license": "MIT"
    },
    "node_modules/@types/web-bluetooth": {
      "version": "0.0.21",
      "resolved": "https://registry.npmjs.org/@types/web-bluetooth/-/web-bluetooth-0.0.21.tgz",
      "integrity": "sha512-oIQLCGWtcFZy2JW77j9k8nHzAOpqMHLQejDA48XXMWH6tjCQHz5RCFz1bzsmROyL6PUm+LLnUiI4BCn221inxA==",
      "license": "MIT"
    },
    "node_modules/@v-c/async-validator": {
      "version": "1.0.0",
      "resolved": "https://registry.npmjs.org/@v-c/async-validator/-/async-validator-1.0.0.tgz",
      "integrity": "sha512-nwi4hW/V3L5M4qY8cwScEuUonGfm1KRmN6aPwGpG9zhy7UDTEXKA3Tv4pdfjY9ryXKQc5TYo78TLSX9EjAPLUA=="
    },
    "node_modules/@v-c/cascader": {
      "version": "1.0.0",
      "resolved": "https://registry.npmjs.org/@v-c/cascader/-/cascader-1.0.0.tgz",
      "integrity": "sha512-GoDcocPUnIgJOVknk96nxzx7Jkf9kFKJ+sjcZPT45pBynZvaMOFJ9ZLGMB2ZMOYtRr0SfXeqZ09lLy9c8PtwZw==",
      "dependencies": {
        "@v-c/select": "^1.0.9",
        "@v-c/tree": "^1.0.0",
        "@v-c/util": "^1.0.9"
      },
      "peerDependencies": {
        "vue": "^3.0.0"
      }
    },
    "node_modules/@v-c/checkbox": {
      "version": "1.0.0",
      "resolved": "https://registry.npmjs.org/@v-c/checkbox/-/checkbox-1.0.0.tgz",
      "integrity": "sha512-2abQmtpdYpQjb9+Xe9w1iPjdgSKDyQ1TpVq2QfTMdcj656S9npfDT2AH6HOgQV76oezV86dxgi1QG+lmXnDm0Q==",
      "dependencies": {
        "@v-c/util": "^1.0.9"
      },
      "peerDependencies": {
        "vue": "^3.0.0"
      }
    },
    "node_modules/@v-c/collapse": {
      "version": "1.0.0",
      "resolved": "https://registry.npmjs.org/@v-c/collapse/-/collapse-1.0.0.tgz",
      "integrity": "sha512-y4NAl3j4mka193ZMDLHdISA8to61qoROG6/kTQ0myM2ZuEsonnEK1QWlqoEw3gveMsa6a4RdyoXLxdGdcJyp0Q==",
      "dependencies": {
        "@v-c/util": "^1.0.9"
      },
      "peerDependencies": {
        "vue": "^3.0.0"
      }
    },
    "node_modules/@v-c/color-picker": {
      "version": "1.0.4",
      "resolved": "https://registry.npmjs.org/@v-c/color-picker/-/color-picker-1.0.4.tgz",
      "integrity": "sha512-VwNowJREYp25C6M39EHyTQ1nrxN2Usg96xGPupV2XiZs6wyKpXpXSjMbDXzD5/NKW1PKu/BTZOnrdLsrmY0mxg==",
      "license": "MIT",
      "dependencies": {
        "@ant-design/fast-color": "^3.0.0",
        "@v-c/util": "^1.0.9"
      },
      "peerDependencies": {
        "vue": "^3.0.0"
      }
    },
    "node_modules/@v-c/dialog": {
      "version": "1.0.1",
      "resolved": "https://registry.npmjs.org/@v-c/dialog/-/dialog-1.0.1.tgz",
      "integrity": "sha512-8+HqvlDXGcgie4Z+sQB3HnMkkFN0N1zfIxdQwtpXTl+gWu9ue8tz+zI7pNXMq7XdM3DU6A+x+qeNRstJ2poCbw==",
      "dependencies": {
        "@v-c/portal": "^1.0.7",
        "@v-c/util": "^1.0.12"
      },
      "peerDependencies": {
        "vue": "^3.0.0"
      }
    },
    "node_modules/@v-c/drawer": {
      "version": "1.0.0",
      "resolved": "https://registry.npmjs.org/@v-c/drawer/-/drawer-1.0.0.tgz",
      "integrity": "sha512-1FhalqOqDmdvEfXGmlEZtwbeZBMKeK3+LIeDfXfqUiLy38QMMDTxMARmnHCxUGhuj20zFxrZUl0sxNEaTjTkEA==",
      "license": "MIT",
      "dependencies": {
        "@v-c/portal": "^1.0.6",
        "@v-c/util": "^1.0.9"
      },
      "peerDependencies": {
        "vue": "^3.0.0"
      }
    },
    "node_modules/@v-c/dropdown": {
      "version": "1.0.2",
      "resolved": "https://registry.npmjs.org/@v-c/dropdown/-/dropdown-1.0.2.tgz",
      "integrity": "sha512-D6TACf3jUiRWx4xW5h2+wVT9SMYxUasFlAHESYJr4ZMjLTLLM1Q8iBjkjhGF+vA0eYR5zqRTwlaacN0DNDZBPw==",
      "license": "MIT",
      "dependencies": {
        "@v-c/trigger": "^1.0.6",
        "@v-c/util": "^1.0.9"
      },
      "peerDependencies": {
        "vue": "^3.0.0"
      }
    },
    "node_modules/@v-c/image": {
      "version": "1.0.2",
      "resolved": "https://registry.npmjs.org/@v-c/image/-/image-1.0.2.tgz",
      "integrity": "sha512-uTAhX+SRWjQHIUPJ0DAYUSzOEVnVDAmZazJNP5OqCqLuncrS7hUN37CQ1XgNKaF2Dt8b1aPFZlpXYb/zXfQdXw==",
      "license": "MIT",
      "dependencies": {
        "@v-c/portal": "^1.0.6",
        "@v-c/util": "^1.0.9"
      },
      "peerDependencies": {
        "vue": "^3.0.0"
      }
    },
    "node_modules/@v-c/input": {
      "version": "1.0.2",
      "resolved": "https://registry.npmjs.org/@v-c/input/-/input-1.0.2.tgz",
      "integrity": "sha512-NzBor6XbUYP42zRrcaBUgWtQI1aIaN3oylmMdvSZ5UMcWsAXRNC8XKsedkFF/LLOEJBJ2NaTbomHRwkIjmtQAA==",
      "dependencies": {
        "@v-c/util": "^1.0.9"
      },
      "peerDependencies": {
        "vue": "^3.0.0"
      }
    },
    "node_modules/@v-c/input-number": {
      "version": "1.0.2",
      "resolved": "https://registry.npmjs.org/@v-c/input-number/-/input-number-1.0.2.tgz",
      "integrity": "sha512-9wbAmdC0Nt18XlLLgfVbmulY50K7tc5RZsNeZuWnmqluTK3JTgZRSbPdRkzl308x8vtGyCOufnepsMrFei1NoQ==",
      "dependencies": {
        "@v-c/input": "^1.0.2",
        "@v-c/mini-decimal": "^1.0.1",
        "@v-c/util": "^1.0.9"
      },
      "peerDependencies": {
        "vue": "^3.0.0"
      }
    },
    "node_modules/@v-c/mentions": {
      "version": "1.0.0",
      "resolved": "https://registry.npmjs.org/@v-c/mentions/-/mentions-1.0.0.tgz",
      "integrity": "sha512-trkG1lvfiaIY7UnHn0gx6B01o3rFLEMin3KGp1q4oU6zOCRWde4ejZ+EHSvmXzOz2N+FlRMTE4EMJFi4w0oOlQ==",
      "dependencies": {
        "@v-c/input": "^1.0.2",
        "@v-c/menu": "^1.0.7",
        "@v-c/textarea": "^1.0.3",
        "@v-c/trigger": "^1.0.6",
        "@v-c/util": "^1.0.9"
      },
      "peerDependencies": {
        "vue": "^3.0.0"
      }
    },
    "node_modules/@v-c/menu": {
      "version": "1.0.10",
      "resolved": "https://registry.npmjs.org/@v-c/menu/-/menu-1.0.10.tgz",
      "integrity": "sha512-iKXuPpZteVjPlg3nQ+4YbAlYa3/I21N/5RswKLai61IRO/8IcfRLc+YBEoG3n5xV+I5b2Yby2iJjsA8lU1En/w==",
      "dependencies": {
        "@v-c/overflow": "^1.0.3",
        "@v-c/trigger": "^1.0.6",
        "@v-c/util": "^1.0.9"
      },
      "peerDependencies": {
        "vue": "^3.0.0"
      }
    },
    "node_modules/@v-c/mini-decimal": {
      "version": "1.0.1",
      "resolved": "https://registry.npmjs.org/@v-c/mini-decimal/-/mini-decimal-1.0.1.tgz",
      "integrity": "sha512-76wZLdlkI017iDlaZMNOWZyDCv29YVabUJn5urQgIKtW4dnI5AkNXWtmLyhl/mu/OS7ZGisRi5ai/558QhLQxQ==",
      "license": "MIT"
    },
    "node_modules/@v-c/mutate-observer": {
      "version": "1.0.1",
      "resolved": "https://registry.npmjs.org/@v-c/mutate-observer/-/mutate-observer-1.0.1.tgz",
      "integrity": "sha512-84+9KGORX8LY9u+K0DEGyRwRCJaky0sjRkXxBC7X/jahHJl8NQGQ0Gxve5IVwaxRTfZ9eftlRmHs90JD6Utfqg==",
      "dependencies": {
        "@v-c/resize-observer": "^1.0.8",
        "@v-c/util": "^1.0.9"
      },
      "peerDependencies": {
        "vue": "^3.0.0"
      }
    },
    "node_modules/@v-c/notification": {
      "version": "1.0.0",
      "resolved": "https://registry.npmjs.org/@v-c/notification/-/notification-1.0.0.tgz",
      "integrity": "sha512-aU5g+ZiYxp0KVdKuho067wJRF38Mv7MrQS95dwSJLsbDmVFBpjO3Lo3ptakfPkwn+7uwRytHKIf39t9QVGk+sg==",
      "dependencies": {
        "@v-c/util": "^1.0.9"
      },
      "peerDependencies": {
        "vue": "^3.0.0"
      }
    },
    "node_modules/@v-c/overflow": {
      "version": "1.0.3",
      "resolved": "https://registry.npmjs.org/@v-c/overflow/-/overflow-1.0.3.tgz",
      "integrity": "sha512-GVWxd2gk9T0t9kO7EH1fMy2DgYULle/D+GBXiEeB5j/V1b9Gj39pvFLA1EHuiiyJW56Lr/P/uJ/ZM38WFh755w==",
      "dependencies": {
        "@v-c/resize-observer": "^1.0.8",
        "@v-c/util": "^1.0.9"
      },
      "peerDependencies": {
        "vue": "^3.0.0"
      }
    },
    "node_modules/@v-c/pagination": {
      "version": "1.0.0",
      "resolved": "https://registry.npmjs.org/@v-c/pagination/-/pagination-1.0.0.tgz",
      "integrity": "sha512-uYIMkvHKMtY+nwHTu5rXxiq6KPf0zGpZbtQTn1nDPng0tOyA1vLQ+R6OfE+1LOwuQqvFTEDnAq4vb90By+eBfw==",
      "dependencies": {
        "@v-c/util": "^1.0.9"
      },
      "peerDependencies": {
        "vue": "^3.0.0"
      }
    },
    "node_modules/@v-c/picker": {
      "version": "1.0.2",
      "resolved": "https://registry.npmjs.org/@v-c/picker/-/picker-1.0.2.tgz",
      "integrity": "sha512-Lf9qPZ/hODaIBEoXpkpGmHK5oXubquia8bYN8zVWigr312jbl/bI6txRF4p+zci0UTtJQsOX1zp9fqX8rg0vSA==",
      "license": "MIT",
      "dependencies": {
        "@v-c/overflow": "^1.0.3",
        "@v-c/resize-observer": "^1.0.8",
        "@v-c/trigger": "^1.0.10",
        "@v-c/util": "^1.0.13"
      },
      "peerDependencies": {
        "date-fns": ">= 2.x",
        "dayjs": ">= 1.x",
        "luxon": ">= 3.x",
        "moment": ">= 2.x",
        "vue": "^3.0.0"
      },
      "peerDependenciesMeta": {
        "date-fns": {
          "optional": true
        },
        "dayjs": {
          "optional": true
        },
        "luxon": {
          "optional": true
        },
        "moment": {
          "optional": true
        }
      }
    },
    "node_modules/@v-c/portal": {
      "version": "1.0.7",
      "resolved": "https://registry.npmjs.org/@v-c/portal/-/portal-1.0.7.tgz",
      "integrity": "sha512-iIcU+9C8GNas7BWMXlWkwz9RoB8E7B4f0D+qPNTPLUbdwDvKRNypATYImkIWK/BSGDHOkxu1kIBshxgolaODfA==",
      "dependencies": {
        "@v-c/util": "^1.0.11"
      },
      "peerDependencies": {
        "vue": "^3.0.0"
      }
    },
    "node_modules/@v-c/progress": {
      "version": "1.0.0",
      "resolved": "https://registry.npmjs.org/@v-c/progress/-/progress-1.0.0.tgz",
      "integrity": "sha512-kWDTU1uXnPDMmoezwyAECxuSH+WKn92OjSdk/GgDbQgZ0qNy9woOiRe5fOsrcy61agHdJxzf0MvsUy1b6bZVlA==",
      "dependencies": {
        "@v-c/util": "^1.0.9"
      },
      "peerDependencies": {
        "vue": "^3.0.0"
      }
    },
    "node_modules/@v-c/qrcode": {
      "version": "1.0.0",
      "resolved": "https://registry.npmjs.org/@v-c/qrcode/-/qrcode-1.0.0.tgz",
      "integrity": "sha512-OSMrYDhP/NQiUcO6J0X2X8BskHPRqX/E/F9npH3oayZgjCo5Aom+63Ja3J0u6SOmKP1JgLSgjrm5karc0671jw==",
      "license": "MIT",
      "dependencies": {
        "@v-c/util": "^1.0.9"
      },
      "peerDependencies": {
        "vue": "^3.0.0"
      }
    },
    "node_modules/@v-c/rate": {
      "version": "1.0.0",
      "resolved": "https://registry.npmjs.org/@v-c/rate/-/rate-1.0.0.tgz",
      "integrity": "sha512-H2cj/dS3guxq9s79HlTzu8uUzH/dQM8Ko5zlPosWrBI33YvySqoxcShY8cZS/tcq8I4xDE/SjeAmBe7rHd9VEA==",
      "dependencies": {
        "@v-c/util": "^1.0.9"
      },
      "peerDependencies": {
        "vue": "^3.0.0"
      }
    },
    "node_modules/@v-c/resize-observer": {
      "version": "1.0.8",
      "resolved": "https://registry.npmjs.org/@v-c/resize-observer/-/resize-observer-1.0.8.tgz",
      "integrity": "sha512-VH8WBsNfZA5KQ+CXVaQ1PK5B6FIHnuTdqOLrjRWiZTrIYDZi/MyREi9b21YDj55fbFWMRx4yapnO9tiZX1RNxA==",
      "dependencies": {
        "@v-c/util": "^1.0.9",
        "resize-observer-polyfill": "^1.5.1"
      },
      "peerDependencies": {
        "vue": "^3.0.0"
      }
    },
    "node_modules/@v-c/segmented": {
      "version": "1.0.0",
      "resolved": "https://registry.npmjs.org/@v-c/segmented/-/segmented-1.0.0.tgz",
      "integrity": "sha512-HWo8Ck6Lg0epTEvw5d2yhE+mU/SOxTN6/ngMXLz7iwGI2TwskKu8l+atOSNcJ7XqS/QgsqIHpL26GATPOS8qvQ==",
      "license": "MIT",
      "dependencies": {
        "@v-c/util": "^1.0.9"
      },
      "peerDependencies": {
        "vue": "^3.0.0"
      }
    },
    "node_modules/@v-c/select": {
      "version": "1.0.9",
      "resolved": "https://registry.npmjs.org/@v-c/select/-/select-1.0.9.tgz",
      "integrity": "sha512-RpZMtjKi3BIWj2+SKJKFKhydBE0Q0vZYyJduJZ6GioBi7JF26JPQuwZOsthaHDVr6oaOoc9ejlSAQqP92tFIKA==",
      "license": "MIT",
      "dependencies": {
        "@v-c/overflow": "^1.0.3",
        "@v-c/trigger": "^1.0.6",
        "@v-c/util": "^1.0.9",
        "@v-c/virtual-list": "^1.0.5"
      },
      "peerDependencies": {
        "vue": "^3.0.0"
      }
    },
    "node_modules/@v-c/slick": {
      "version": "1.0.0",
      "resolved": "https://registry.npmjs.org/@v-c/slick/-/slick-1.0.0.tgz",
      "integrity": "sha512-Pzb4bahxbXvXTCmgOJ9OX6Ek1joUHx0EFUxmjDSAfrvaAkHWv2pSqGLDF0CJvm+/uG+rcdT2YQUNcxMtKInQ3A==",
      "dependencies": {
        "@v-c/util": "^1.0.9",
        "es-toolkit": "^1.43.0"
      },
      "peerDependencies": {
        "vue": "^3.0.0"
      }
    },
    "node_modules/@v-c/slider": {
      "version": "1.0.10",
      "resolved": "https://registry.npmjs.org/@v-c/slider/-/slider-1.0.10.tgz",
      "integrity": "sha512-KMIVytBm8K8RQ+aPPraS28GmBptGHESF/gDRbGjOLD7xyivuQDJeEqVaUFY3EcCWsERjh4VP/L96gUbMTF0uag==",
      "license": "MIT",
      "dependencies": {
        "@v-c/util": "^1.0.9"
      },
      "peerDependencies": {
        "vue": "^3.0.0"
      }
    },
    "node_modules/@v-c/steps": {
      "version": "1.0.0",
      "resolved": "https://registry.npmjs.org/@v-c/steps/-/steps-1.0.0.tgz",
      "integrity": "sha512-DPL0OOb8pDLlTPZB93b8+Saxiz6V5zEpGXKaCnsbXUuOhimkc7089AuEKfpMw+8x1SrVe+gapWf5RRHWXUm2pg==",
      "dependencies": {
        "@v-c/util": "^1.0.9"
      },
      "peerDependencies": {
        "vue": "^3.0.0"
      }
    },
    "node_modules/@v-c/switch": {
      "version": "1.0.0",
      "resolved": "https://registry.npmjs.org/@v-c/switch/-/switch-1.0.0.tgz",
      "integrity": "sha512-VIem244KJkYfqDgofpgHjK00sGL9rJ/9OtmK4Gbs4hnPsrTtzHDBRltYxR4IT7HQleathZfj6NhcZ1bjdWKYUw==",
      "dependencies": {
        "@v-c/util": "^1.0.9"
      },
      "peerDependencies": {
        "vue": "^3.0.0"
      }
    },
    "node_modules/@v-c/table": {
      "version": "1.0.0",
      "resolved": "https://registry.npmjs.org/@v-c/table/-/table-1.0.0.tgz",
      "integrity": "sha512-1/TMEppX3BpLYYSXzAcwrD5Os6O1VX5OGZsvGyqIp9A8Iy8QeI4Vb54XizGyooHNMs378RIWzX4yDe9JxYMm/A==",
      "dependencies": {
        "@v-c/resize-observer": "^1.0.8",
        "@v-c/util": "^1.0.9",
        "@v-c/virtual-list": "^1.0.5"
      },
      "peerDependencies": {
        "vue": "^3.0.0"
      }
    },
    "node_modules/@v-c/tabs": {
      "version": "1.0.1",
      "resolved": "https://registry.npmjs.org/@v-c/tabs/-/tabs-1.0.1.tgz",
      "integrity": "sha512-6G6cWKdxb8l3IuR802mZGV+l8GAvCEJCoVQcyG3BwiBYOeOii6eyET5D+yMp7mC7dsFRxc2y7q0krxyo97CosQ==",
      "license": "MIT",
      "dependencies": {
        "@v-c/dropdown": "^1.0.2",
        "@v-c/menu": "^1.0.7",
        "@v-c/overflow": "^1.0.3",
        "@v-c/resize-observer": "^1.0.8",
        "@v-c/util": "^1.0.9"
      },
      "peerDependencies": {
        "vue": "^3.0.0"
      }
    },
    "node_modules/@v-c/textarea": {
      "version": "1.0.3",
      "resolved": "https://registry.npmjs.org/@v-c/textarea/-/textarea-1.0.3.tgz",
      "integrity": "sha512-oCpqdOyiNPFgLRUw913IjTdIMVtryy9maJEaSz+ledn/cVO4OJ44dEP8eCnhxlHTfduLKesKIlDoRIBhLu4qqQ==",
      "dependencies": {
        "@v-c/input": "^1.0.2",
        "@v-c/resize-observer": "^1.0.8",
        "@v-c/util": "^1.0.9"
      },
      "peerDependencies": {
        "vue": "^3.0.0"
      }
    },
    "node_modules/@v-c/tooltip": {
      "version": "1.0.2",
      "resolved": "https://registry.npmjs.org/@v-c/tooltip/-/tooltip-1.0.2.tgz",
      "integrity": "sha512-EwKbftSPCBrp+D40qMXV0/IzOIshQ6Wm5a+yYBZKJxF03uR0sUkQP+/cj7V55Gr9rDJ5G1EaxQjCuQAezwhzig==",
      "license": "MIT",
      "dependencies": {
        "@v-c/trigger": "^1.0.6",
        "@v-c/util": "^1.0.9"
      },
      "peerDependencies": {
        "vue": "^3.0.0"
      }
    },
    "node_modules/@v-c/tour": {
      "version": "1.0.3",
      "resolved": "https://registry.npmjs.org/@v-c/tour/-/tour-1.0.3.tgz",
      "integrity": "sha512-y4DVJPP7jvL+MWUMAKQWxLAMXSWJEfZXaKASPn3DKbSQ8drBhsjMXwcep3glAfrCjCKfj/QD3OrUMxqydi4qFw==",
      "license": "MIT",
      "dependencies": {
        "@v-c/portal": "^1.0.6",
        "@v-c/trigger": "^1.0.6",
        "@v-c/util": "^1.0.9"
      },
      "peerDependencies": {
        "vue": "^3.0.0"
      }
    },
    "node_modules/@v-c/tree": {
      "version": "1.0.2",
      "resolved": "https://registry.npmjs.org/@v-c/tree/-/tree-1.0.2.tgz",
      "integrity": "sha512-Z/x1DuazauoPtuKWaL6iaNdTq6t/c+6j8dbOxQN7kAJOW4RJ8BKKx8DA0fq49R7OCUH/YQLOWTrWI5gyQ0169A==",
      "license": "MIT",
      "dependencies": {
        "@v-c/util": "^1.0.11",
        "@v-c/virtual-list": "^1.0.5"
      },
      "peerDependencies": {
        "vue": "^3.0.0"
      }
    },
    "node_modules/@v-c/tree-select": {
      "version": "1.0.0",
      "resolved": "https://registry.npmjs.org/@v-c/tree-select/-/tree-select-1.0.0.tgz",
      "integrity": "sha512-EOUt3zBFMm2wCCDgY5pYU2mjff7NQiGss0uM/J2dOw8JP3LgPjhCuT2/0ZgXt6HkqK+Fl5AdhzxYujGbgTw6Ow==",
      "license": "MIT",
      "dependencies": {
        "@v-c/select": "^1.0.9",
        "@v-c/tree": "^1.0.0",
        "@v-c/util": "^1.0.9"
      },
      "peerDependencies": {
        "vue": "^3.0.0"
      }
    },
    "node_modules/@v-c/trigger": {
      "version": "1.0.10",
      "resolved": "https://registry.npmjs.org/@v-c/trigger/-/trigger-1.0.10.tgz",
      "integrity": "sha512-wPX/RBzJ7JzSShqBZlX8IWFPpa9c5jHvxzGdGTukBRukuPDBuXLLKHgt9IIpkqukuJuN3HLU39m+uuUK1rZ4Lg==",
      "license": "MIT",
      "dependencies": {
        "@v-c/portal": "^1.0.7",
        "@v-c/resize-observer": "^1.0.8",
        "@v-c/util": "^1.0.13"
      },
      "peerDependencies": {
        "vue": "^3.0.0"
      }
    },
    "node_modules/@v-c/upload": {
      "version": "1.0.0",
      "resolved": "https://registry.npmjs.org/@v-c/upload/-/upload-1.0.0.tgz",
      "integrity": "sha512-W92PNCD61aM/B5w8oUzHQSDHur1T8484726Ls0IoNMO5nPiF/15eEE3RuuI/t7xXQVP/fA06hNSwzXwGWdDg1w==",
      "dependencies": {
        "@v-c/util": "^1.0.9"
      },
      "peerDependencies": {
        "vue": "^3.0.0"
      }
    },
    "node_modules/@v-c/util": {
      "version": "1.0.13",
      "resolved": "https://registry.npmjs.org/@v-c/util/-/util-1.0.13.tgz",
      "integrity": "sha512-/CUsbqrgqMz2TGqdzUnq1jwNFwX6lqy+HsYzmGH8auTUly9buIQiDmoxLxnjsI2XO6IryCqhzOP2Ii1213zqtA==",
      "peerDependencies": {
        "vue": "^3.0.0"
      }
    },
    "node_modules/@v-c/virtual-list": {
      "version": "1.0.5",
      "resolved": "https://registry.npmjs.org/@v-c/virtual-list/-/virtual-list-1.0.5.tgz",
      "integrity": "sha512-hv+ZIXkT7Bprv4pRloa/EYfWsJjOL2hI6wRSWX/XOxMcra+eq9uFvTY5GSOzYURPyzA/ExGq4607+fl1vEhwZQ==",
      "license": "MIT",
      "dependencies": {
        "@v-c/resize-observer": "^1.0.3",
        "@v-c/util": "^1.0.5"
      },
      "peerDependencies": {
        "vue": "^3.0.0"
      }
    },
    "node_modules/@vue/compiler-core": {
      "version": "3.5.27",
      "resolved": "https://registry.npmjs.org/@vue/compiler-core/-/compiler-core-3.5.27.tgz",
      "integrity": "sha512-gnSBQjZA+//qDZen+6a2EdHqJ68Z7uybrMf3SPjEGgG4dicklwDVmMC1AeIHxtLVPT7sn6sH1KOO+tS6gwOUeQ==",
      "license": "MIT",
      "dependencies": {
        "@babel/parser": "^7.28.5",
        "@vue/shared": "3.5.27",
        "entities": "^7.0.0",
        "estree-walker": "^2.0.2",
        "source-map-js": "^1.2.1"
      }
    },
    "node_modules/@vue/compiler-dom": {
      "version": "3.5.27",
      "resolved": "https://registry.npmjs.org/@vue/compiler-dom/-/compiler-dom-3.5.27.tgz",
      "integrity": "sha512-oAFea8dZgCtVVVTEC7fv3T5CbZW9BxpFzGGxC79xakTr6ooeEqmRuvQydIiDAkglZEAd09LgVf1RoDnL54fu5w==",
      "license": "MIT",
      "dependencies": {
        "@vue/compiler-core": "3.5.27",
        "@vue/shared": "3.5.27"
      }
    },
    "node_modules/@vue/compiler-sfc": {
      "version": "3.5.27",
      "resolved": "https://registry.npmjs.org/@vue/compiler-sfc/-/compiler-sfc-3.5.27.tgz",
      "integrity": "sha512-sHZu9QyDPeDmN/MRoshhggVOWE5WlGFStKFwu8G52swATgSny27hJRWteKDSUUzUH+wp+bmeNbhJnEAel/auUQ==",
      "license": "MIT",
      "dependencies": {
        "@babel/parser": "^7.28.5",
        "@vue/compiler-core": "3.5.27",
        "@vue/compiler-dom": "3.5.27",
        "@vue/compiler-ssr": "3.5.27",
        "@vue/shared": "3.5.27",
        "estree-walker": "^2.0.2",
        "magic-string": "^0.30.21",
        "postcss": "^8.5.6",
        "source-map-js": "^1.2.1"
      }
    },
    "node_modules/@vue/compiler-ssr": {
      "version": "3.5.27",
      "resolved": "https://registry.npmjs.org/@vue/compiler-ssr/-/compiler-ssr-3.5.27.tgz",
      "integrity": "sha512-Sj7h+JHt512fV1cTxKlYhg7qxBvack+BGncSpH+8vnN+KN95iPIcqB5rsbblX40XorP+ilO7VIKlkuu3Xq2vjw==",
      "license": "MIT",
      "dependencies": {
        "@vue/compiler-dom": "3.5.27",
        "@vue/shared": "3.5.27"
      }
    },
    "node_modules/@vue/reactivity": {
      "version": "3.5.27",
      "resolved": "https://registry.npmjs.org/@vue/reactivity/-/reactivity-3.5.27.tgz",
      "integrity": "sha512-vvorxn2KXfJ0nBEnj4GYshSgsyMNFnIQah/wczXlsNXt+ijhugmW+PpJ2cNPe4V6jpnBcs0MhCODKllWG+nvoQ==",
      "license": "MIT",
      "dependencies": {
        "@vue/shared": "3.5.27"
      }
    },
    "node_modules/@vue/runtime-core": {
      "version": "3.5.27",
      "resolved": "https://registry.npmjs.org/@vue/runtime-core/-/runtime-core-3.5.27.tgz",
      "integrity": "sha512-fxVuX/fzgzeMPn/CLQecWeDIFNt3gQVhxM0rW02Tvp/YmZfXQgcTXlakq7IMutuZ/+Ogbn+K0oct9J3JZfyk3A==",
      "license": "MIT",
      "dependencies": {
        "@vue/reactivity": "3.5.27",
        "@vue/shared": "3.5.27"
      }
    },
    "node_modules/@vue/runtime-dom": {
      "version": "3.5.27",
      "resolved": "https://registry.npmjs.org/@vue/runtime-dom/-/runtime-dom-3.5.27.tgz",
      "integrity": "sha512-/QnLslQgYqSJ5aUmb5F0z0caZPGHRB8LEAQ1s81vHFM5CBfnun63rxhvE/scVb/j3TbBuoZwkJyiLCkBluMpeg==",
      "license": "MIT",
      "dependencies": {
        "@vue/reactivity": "3.5.27",
        "@vue/runtime-core": "3.5.27",
        "@vue/shared": "3.5.27",
        "csstype": "^3.2.3"
      }
    },
    "node_modules/@vue/server-renderer": {
      "version": "3.5.27",
      "resolved": "https://registry.npmjs.org/@vue/server-renderer/-/server-renderer-3.5.27.tgz",
      "integrity": "sha512-qOz/5thjeP1vAFc4+BY3Nr6wxyLhpeQgAE/8dDtKo6a6xdk+L4W46HDZgNmLOBUDEkFXV3G7pRiUqxjX0/2zWA==",
      "license": "MIT",
      "dependencies": {
        "@vue/compiler-ssr": "3.5.27",
        "@vue/shared": "3.5.27"
      },
      "peerDependencies": {
        "vue": "3.5.27"
      }
    },
    "node_modules/@vue/shared": {
      "version": "3.5.27",
      "resolved": "https://registry.npmjs.org/@vue/shared/-/shared-3.5.27.tgz",
      "integrity": "sha512-dXr/3CgqXsJkZ0n9F3I4elY8wM9jMJpP3pvRG52r6m0tu/MsAFIe6JpXVGeNMd/D9F4hQynWT8Rfuj0bdm9kFQ==",
      "license": "MIT"
    },
    "node_modules/@vueuse/core": {
      "version": "14.2.0",
      "resolved": "https://registry.npmjs.org/@vueuse/core/-/core-14.2.0.tgz",
      "integrity": "sha512-tpjzVl7KCQNVd/qcaCE9XbejL38V6KJAEq/tVXj7mDPtl6JtzmUdnXelSS+ULRkkrDgzYVK7EerQJvd2jR794Q==",
      "license": "MIT",
      "dependencies": {
        "@types/web-bluetooth": "^0.0.21",
        "@vueuse/metadata": "14.2.0",
        "@vueuse/shared": "14.2.0"
      },
      "funding": {
        "url": "https://github.com/sponsors/antfu"
      },
      "peerDependencies": {
        "vue": "^3.5.0"
      }
    },
    "node_modules/@vueuse/metadata": {
      "version": "14.2.0",
      "resolved": "https://registry.npmjs.org/@vueuse/metadata/-/metadata-14.2.0.tgz",
      "integrity": "sha512-i3axTGjU8b13FtyR4Keeama+43iD+BwX9C2TmzBVKqjSHArF03hjkp2SBZ1m72Jk2UtrX0aYCugBq2R1fhkuAQ==",
      "license": "MIT",
      "funding": {
        "url": "https://github.com/sponsors/antfu"
      }
    },
    "node_modules/@vueuse/shared": {
      "version": "14.2.0",
      "resolved": "https://registry.npmjs.org/@vueuse/shared/-/shared-14.2.0.tgz",
      "integrity": "sha512-Z0bmluZTlAXgUcJ4uAFaML16JcD8V0QG00Db3quR642I99JXIDRa2MI2LGxiLVhcBjVnL1jOzIvT5TT2lqJlkA==",
      "license": "MIT",
      "funding": {
        "url": "https://github.com/sponsors/antfu"
      },
      "peerDependencies": {
        "vue": "^3.5.0"
      }
    },
    "node_modules/antdv-next": {
      "version": "1.0.2",
      "resolved": "https://registry.npmjs.org/antdv-next/-/antdv-next-1.0.2.tgz",
      "integrity": "sha512-JkPXDLk7MfAtye2pS3z/heLiUeow1K3JJCAnmaM+vzZhCds+wXUCNNHJ03qUIQvKCNbFdko4OJ9p0dY/pDJncg==",
      "license": "MIT",
      "dependencies": {
        "@ant-design/colors": "7.2.1",
        "@ant-design/fast-color": "^3.0.0",
        "@antdv-next/cssinjs": "^1.0.1",
        "@antdv-next/icons": "^1.0.0-rc.2",
        "@v-c/async-validator": "^1.0.0",
        "@v-c/cascader": "^1.0.0",
        "@v-c/checkbox": "^1.0.0",
        "@v-c/collapse": "^1.0.0",
        "@v-c/color-picker": "^1.0.4",
        "@v-c/dialog": "^1.0.1",
        "@v-c/drawer": "^1.0.0",
        "@v-c/dropdown": "^1.0.2",
        "@v-c/image": "^1.0.2",
        "@v-c/input": "^1.0.2",
        "@v-c/input-number": "^1.0.2",
        "@v-c/mentions": "^1.0.0",
        "@v-c/menu": "^1.0.10",
        "@v-c/mutate-observer": "^1.0.1",
        "@v-c/notification": "^1.0.0",
        "@v-c/pagination": "^1.0.0",
        "@v-c/picker": "^1.0.2",
        "@v-c/progress": "^1.0.0",
        "@v-c/qrcode": "^1.0.0",
        "@v-c/rate": "^1.0.0",
        "@v-c/resize-observer": "^1.0.8",
        "@v-c/segmented": "^1.0.0",
        "@v-c/select": "^1.0.9",
        "@v-c/slick": "^1.0.0",
        "@v-c/slider": "^1.0.10",
        "@v-c/steps": "^1.0.0",
        "@v-c/switch": "^1.0.0",
        "@v-c/table": "^1.0.0",
        "@v-c/tabs": "^1.0.1",
        "@v-c/textarea": "^1.0.3",
        "@v-c/tooltip": "^1.0.2",
        "@v-c/tour": "^1.0.3",
        "@v-c/tree": "^1.0.2",
        "@v-c/tree-select": "^1.0.0",
        "@v-c/trigger": "^1.0.10",
        "@v-c/upload": "^1.0.0",
        "@v-c/util": "^1.0.13",
        "@v-c/virtual-list": "^1.0.5",
        "@vueuse/core": "^14.2.0",
        "dayjs": "^1.11.19",
        "defu": "^6.1.4",
        "es-toolkit": "1.43.0",
        "scroll-into-view-if-needed": "^3.1.0",
        "throttle-debounce": "^5.0.2"
      }
    },
    "node_modules/antdv-next/node_modules/@ant-design/colors": {
      "version": "7.2.1",
      "resolved": "https://registry.npmjs.org/@ant-design/colors/-/colors-7.2.1.tgz",
      "integrity": "sha512-lCHDcEzieu4GA3n8ELeZ5VQ8pKQAWcGGLRTQ50aQM2iqPpq2evTxER84jfdPvsPAtEcZ7m44NI45edFMo8oOYQ==",
      "license": "MIT",
      "dependencies": {
        "@ant-design/fast-color": "^2.0.6"
      }
    },
    "node_modules/antdv-next/node_modules/@ant-design/colors/node_modules/@ant-design/fast-color": {
      "version": "2.0.6",
      "resolved": "https://registry.npmjs.org/@ant-design/fast-color/-/fast-color-2.0.6.tgz",
      "integrity": "sha512-y2217gk4NqL35giHl72o6Zzqji9O7vHh9YmhUVkPtAOpoTCH4uWxo/pr4VE8t0+ChEPs0qo4eJRC5Q1eXWo3vA==",
      "license": "MIT",
      "dependencies": {
        "@babel/runtime": "^7.24.7"
      },
      "engines": {
        "node": ">=8.x"
      }
    },
    "node_modules/antdv-next/node_modules/compute-scroll-into-view": {
      "version": "3.1.1",
      "resolved": "https://registry.npmjs.org/compute-scroll-into-view/-/compute-scroll-into-view-3.1.1.tgz",
      "integrity": "sha512-VRhuHOLoKYOy4UbilLbUzbYg93XLjv2PncJC50EuTWPA3gaja1UjBsUP/D/9/juV3vQFr6XBEzn9KCAHdUvOHw==",
      "license": "MIT"
    },
    "node_modules/antdv-next/node_modules/scroll-into-view-if-needed": {
      "version": "3.1.0",
      "resolved": "https://registry.npmjs.org/scroll-into-view-if-needed/-/scroll-into-view-if-needed-3.1.0.tgz",
      "integrity": "sha512-49oNpRjWRvnU8NyGVmUaYG4jtTkNonFZI86MmGRDqBphEK2EXT9gdEUoQPZhuBM8yWHxCWbobltqYO5M4XrUvQ==",
      "license": "MIT",
      "dependencies": {
        "compute-scroll-into-view": "^3.0.2"
      }
    },
    "node_modules/csstype": {
      "version": "3.2.3",
      "resolved": "https://registry.npmjs.org/csstype/-/csstype-3.2.3.tgz",
      "integrity": "sha512-z1HGKcYy2xA8AGQfwrn0PAy+PB7X/GSj3UVJW9qKyn43xWa+gl5nXmU4qqLMRzWVLFC8KusUX8T/0kCiOYpAIQ==",
      "license": "MIT"
    },
    "node_modules/dayjs": {
      "version": "1.11.19",
      "resolved": "https://registry.npmjs.org/dayjs/-/dayjs-1.11.19.tgz",
      "integrity": "sha512-t5EcLVS6QPBNqM2z8fakk/NKel+Xzshgt8FFKAn+qwlD1pzZWxh0nVCrvFK7ZDb6XucZeF9z8C7CBWTRIVApAw==",
      "license": "MIT"
    },
    "node_modules/defu": {
      "version": "6.1.4",
      "resolved": "https://registry.npmjs.org/defu/-/defu-6.1.4.tgz",
      "integrity": "sha512-mEQCMmwJu317oSz8CwdIOdwf3xMif1ttiM8LTufzc3g6kR+9Pe236twL8j3IYT1F7GfRgGcW6MWxzZjLIkuHIg==",
      "license": "MIT"
    },
    "node_modules/entities": {
      "version": "7.0.1",
      "resolved": "https://registry.npmjs.org/entities/-/entities-7.0.1.tgz",
      "integrity": "sha512-TWrgLOFUQTH994YUyl1yT4uyavY5nNB5muff+RtWaqNVCAK408b5ZnnbNAUEWLTCpum9w6arT70i1XdQ4UeOPA==",
      "license": "BSD-2-Clause",
      "engines": {
        "node": ">=0.12"
      },
      "funding": {
        "url": "https://github.com/fb55/entities?sponsor=1"
      }
    },
    "node_modules/es-toolkit": {
      "version": "1.43.0",
      "resolved": "https://registry.npmjs.org/es-toolkit/-/es-toolkit-1.43.0.tgz",
      "integrity": "sha512-SKCT8AsWvYzBBuUqMk4NPwFlSdqLpJwmy6AP322ERn8W2YLIB6JBXnwMI2Qsh2gfphT3q7EKAxKb23cvFHFwKA==",
      "license": "MIT",
      "workspaces": [
        "docs",
        "benchmarks"
      ]
    },
    "node_modules/estree-walker": {
      "version": "2.0.2",
      "resolved": "https://registry.npmjs.org/estree-walker/-/estree-walker-2.0.2.tgz",
      "integrity": "sha512-Rfkk/Mp/DL7JVje3u18FxFujQlTNR2q6QfMSMB7AvCBx91NGj/ba3kCfza0f6dVDbw7YlRf/nDrn7pQrCCyQ/w==",
      "license": "MIT"
    },
    "node_modules/magic-string": {
      "version": "0.30.21",
      "resolved": "https://registry.npmjs.org/magic-string/-/magic-string-0.30.21.tgz",
      "integrity": "sha512-vd2F4YUyEXKGcLHoq+TEyCjxueSeHnFxyyjNp80yg0XV4vUhnDer/lvvlqM/arB5bXQN5K2/3oinyCRyx8T2CQ==",
      "license": "MIT",
      "dependencies": {
        "@jridgewell/sourcemap-codec": "^1.5.5"
      }
    },
    "node_modules/nanoid": {
      "version": "3.3.11",
      "resolved": "https://registry.npmjs.org/nanoid/-/nanoid-3.3.11.tgz",
      "integrity": "sha512-N8SpfPUnUp1bK+PMYW8qSWdl9U+wwNWI4QKxOYDy9JAro3WMX7p2OeVRF9v+347pnakNevPmiHhNmZ2HbFA76w==",
      "funding": [
        {
          "type": "github",
          "url": "https://github.com/sponsors/ai"
        }
      ],
      "license": "MIT",
      "bin": {
        "nanoid": "bin/nanoid.cjs"
      },
      "engines": {
        "node": "^10 || ^12 || ^13.7 || ^14 || >=15.0.1"
      }
    },
    "node_modules/picocolors": {
      "version": "1.1.1",
      "resolved": "https://registry.npmjs.org/picocolors/-/picocolors-1.1.1.tgz",
      "integrity": "sha512-xceH2snhtb5M9liqDsmEw56le376mTZkEX/jEb/RxNFyegNul7eNslCXP9FDj/Lcu0X8KEyMceP2ntpaHrDEVA==",
      "license": "ISC"
    },
    "node_modules/postcss": {
      "version": "8.5.6",
      "resolved": "https://registry.npmjs.org/postcss/-/postcss-8.5.6.tgz",
      "integrity": "sha512-3Ybi1tAuwAP9s0r1UQ2J4n5Y0G05bJkpUIO0/bI9MhwmD70S5aTWbXGBwxHrelT+XM1k6dM0pk+SwNkpTRN7Pg==",
      "funding": [
        {
          "type": "opencollective",
          "url": "https://opencollective.com/postcss/"
        },
        {
          "type": "tidelift",
          "url": "https://tidelift.com/funding/github/npm/postcss"
        },
        {
          "type": "github",
          "url": "https://github.com/sponsors/ai"
        }
      ],
      "license": "MIT",
      "dependencies": {
        "nanoid": "^3.3.11",
        "picocolors": "^1.1.1",
        "source-map-js": "^1.2.1"
      },
      "engines": {
        "node": "^10 || ^12 || >=14"
      }
    },
    "node_modules/resize-observer-polyfill": {
      "version": "1.5.1",
      "resolved": "https://registry.npmjs.org/resize-observer-polyfill/-/resize-observer-polyfill-1.5.1.tgz",
      "integrity": "sha512-LwZrotdHOo12nQuZlHEmtuXdqGoOD0OhaxopaNFxWzInpEgaLWoVuAMbTzixuosCx2nEG58ngzW3vxdWoxIgdg==",
      "license": "MIT"
    },
    "node_modules/source-map-js": {
      "version": "1.2.1",
      "resolved": "https://registry.npmjs.org/source-map-js/-/source-map-js-1.2.1.tgz",
      "integrity": "sha512-UXWMKhLOwVKb728IUtQPXxfYU+usdybtUrK/8uGE8CQMvrhOpwvzDBwj0QhSL7MQc7vIsISBG8VQ8+IDQxpfQA==",
      "license": "BSD-3-Clause",
      "engines": {
        "node": ">=0.10.0"
      }
    },
    "node_modules/stylis": {
      "version": "4.3.6",
      "resolved": "https://registry.npmjs.org/stylis/-/stylis-4.3.6.tgz",
      "integrity": "sha512-yQ3rwFWRfwNUY7H5vpU0wfdkNSnvnJinhF9830Swlaxl03zsOjCfmX0ugac+3LtK0lYSgwL/KXc8oYL3mG4YFQ==",
      "license": "MIT"
    },
    "node_modules/throttle-debounce": {
      "version": "5.0.2",
      "resolved": "https://registry.npmjs.org/throttle-debounce/-/throttle-debounce-5.0.2.tgz",
      "integrity": "sha512-B71/4oyj61iNH0KeCamLuE2rmKuTO5byTOSVwECM5FA7TiAiAW+UqTKZ9ERueC4qvgSttUhdmq1mXC3kJqGX7A==",
      "license": "MIT",
      "engines": {
        "node": ">=12.22"
      }
    },
    "node_modules/vue": {
      "version": "3.5.27",
      "resolved": "https://registry.npmjs.org/vue/-/vue-3.5.27.tgz",
      "integrity": "sha512-aJ/UtoEyFySPBGarREmN4z6qNKpbEguYHMmXSiOGk69czc+zhs0NF6tEFrY8TZKAl8N/LYAkd4JHVd5E/AsSmw==",
      "license": "MIT",
      "dependencies": {
        "@vue/compiler-dom": "3.5.27",
        "@vue/compiler-sfc": "3.5.27",
        "@vue/runtime-dom": "3.5.27",
        "@vue/server-renderer": "3.5.27",
        "@vue/shared": "3.5.27"
      },
      "peerDependencies": {
        "typescript": "*"
      },
      "peerDependenciesMeta": {
        "typescript": {
          "optional": true
        }
      }
    }
  }
}
